<?xml version="1.0" encoding="utf-8"?>
<Project ToolsVersion="4.0" xmlns="http://schemas.microsoft.com/developer/msbuild/2003">
  <ItemGroup>
    <Filter Include="Source Files">
      <UniqueIdentifier>{4FC737F1-C7A5-4376-A066-2A32D752A2FF}</UniqueIdentifier>
      <Extensions>cpp;c;cc;cxx;def;odl;idl;hpj;bat;asm;asmx</Extensions>
    </Filter>
    <Filter Include="Header Files">
      <UniqueIdentifier>{93995380-89BD-4b04-88EB-625FBE52EBFB}</UniqueIdentifier>
      <Extensions>h;hh;hpp;hxx;hm;inl;inc;ipp;xsd</Extensions>
    </Filter>
    <Filter Include="Resource Files">
      <UniqueIdentifier>{67DA6AB6-F800-4c08-8B7A-83BB121AAD01}</UniqueIdentifier>
      <Extensions>rc;ico;cur;bmp;dlg;rc2;rct;bin;rgs;gif;jpg;jpeg;jpe;resx;tiff;tif;png;wav;mfcribbon-ms</Extensions>
    </Filter>
    <Filter Include="Source Files\scenes">
      <UniqueIdentifier>{a86e9a01-44f2-466e-952c-0fd5fa6456b5}</UniqueIdentifier>
    </Filter>
    <Filter Include="Header Files\scenes">
      <UniqueIdentifier>{b3d20e67-7ab9-4135-8a29-b14579e08f86}</UniqueIdentifier>
    </Filter>
    <Filter Include="Source Files\network">
      <UniqueIdentifier>{d5323f0f-9041-42de-9232-8be39bd85af9}</UniqueIdentifier>
    </Filter>
    <Filter Include="Source Files\player">
      <UniqueIdentifier>{fb242edc-bd65-4ffc-aa28-3134d981def8}</UniqueIdentifier>
    </Filter>
    <Filter Include="Header Files\player">
      <UniqueIdentifier>{146e59aa-cbe0-4811-a78c-4c7a78ccde2a}</UniqueIdentifier>
    </Filter>
    <Filter Include="Header Files\network">
      <UniqueIdentifier>{e7fe441e-51a3-42f2-b4a9-37001e23cb7c}</UniqueIdentifier>
    </Filter>
    <Filter Include="Header Files\camera">
      <UniqueIdentifier>{a60b6c6c-52d0-4ab3-baad-02e8cf4be049}</UniqueIdentifier>
    </Filter>
    <Filter Include="Source Files\camera">
      <UniqueIdentifier>{16a570b2-fa9e-4da8-94bd-501c877e885e}</UniqueIdentifier>
    </Filter>
    <Filter Include="Source Files\equipment">
      <UniqueIdentifier>{179d90f2-9228-4942-8df8-400e371839a4}</UniqueIdentifier>
    </Filter>
    <Filter Include="Header Files\equipment">
      <UniqueIdentifier>{e8f45038-069d-468f-8bf2-7ca1b7710346}</UniqueIdentifier>
    </Filter>
  </ItemGroup>
  <ItemGroup>
    <ClCompile Include="scenes\MainMenu.cpp">
      <Filter>Source Files\scenes</Filter>
    </ClCompile>
    <ClCompile Include="scenes\CreateGameScene.cpp">
      <Filter>Source Files\scenes</Filter>
    </ClCompile>
    <ClCompile Include="GodotLibrary.cpp">
      <Filter>Source Files</Filter>
    </ClCompile>
    <ClCompile Include="network\Network.cpp">
      <Filter>Source Files\network</Filter>
    </ClCompile>
    <ClCompile Include="scenes\Game.cpp">
      <Filter>Source Files\scenes</Filter>
    </ClCompile>
    <ClCompile Include="player\Player.cpp">
      <Filter>Source Files\player</Filter>
    </ClCompile>
    <ClCompile Include="scenes\JoinGameScene.cpp">
      <Filter>Source Files\scenes</Filter>
    </ClCompile>
    <ClCompile Include="camera\Camera.cpp">
      <Filter>Source Files\camera</Filter>
    </ClCompile>
    <ClCompile Include="equipment\Weapon.cpp">
      <Filter>Source Files\equipment</Filter>
    </ClCompile>
  </ItemGroup>
  <ItemGroup>
    <ClInclude Include="scenes\MainMenu.h">
      <Filter>Header Files\scenes</Filter>
    </ClInclude>
    <ClInclude Include="scenes\CreateGameScene.h">
      <Filter>Header Files\scenes</Filter>
    </ClInclude>
    <ClInclude Include="scenes\Game.h">
      <Filter>Header Files\scenes</Filter>
    </ClInclude>
    <ClInclude Include="network\Network.h">
      <Filter>Header Files\network</Filter>
    </ClInclude>
    <ClInclude Include="player\Player.h">
      <Filter>Header Files\player</Filter>
    </ClInclude>
    <ClInclude Include="scenes\JoinGameScene.h">
      <Filter>Header Files\scenes</Filter>
    </ClInclude>
    <ClInclude Include="camera\Camera.h">
      <Filter>Header Files\camera</Filter>
    </ClInclude>
    <ClInclude Include="equipment\Weapon.h">
      <Filter>Header Files\equipment</Filter>
    </ClInclude>
  </ItemGroup>
</Project>