<?xml version="1.0" encoding="utf-8"?>
<Project ToolsVersion="4.0" xmlns="http://schemas.microsoft.com/developer/msbuild/2003">
  <ItemGroup>
    <Filter Include="Source Files">
      <UniqueIdentifier>{4FC737F1-C7A5-4376-A066-2A32D752A2FF}</UniqueIdentifier>
      <Extensions>cpp;c;cc;cxx;def;odl;idl;hpj;bat;asm;asmx</Extensions>
    </Filter>
    <Filter Include="Header Files">
      <UniqueIdentifier>{93995380-89BD-4b04-88EB-625FBE52EBFB}</UniqueIdentifier>
      <Extensions>h;hh;hpp;hxx;hm;inl;inc;ipp;xsd</Extensions>
    </Filter>
    <Filter Include="Resource Files">
      <UniqueIdentifier>{67DA6AB6-F800-4c08-8B7A-83BB121AAD01}</UniqueIdentifier>
      <Extensions>rc;ico;cur;bmp;dlg;rc2;rct;bin;rgs;gif;jpg;jpeg;jpe;resx;tiff;tif;png;wav;mfcribbon-ms</Extensions>
    </Filter>
    <Filter Include="Source Files\scenes">
      <UniqueIdentifier>{a86e9a01-44f2-466e-952c-0fd5fa6456b5}</UniqueIdentifier>
    </Filter>
    <Filter Include="Header Files\scenes">
      <UniqueIdentifier>{b3d20e67-7ab9-4135-8a29-b14579e08f86}</UniqueIdentifier>
    </Filter>
    <Filter Include="Source Files\network">
      <UniqueIdentifier>{d5323f0f-9041-42de-9232-8be39bd85af9}</UniqueIdentifier>
    </Filter>
    <Filter Include="Source Files\player">
      <UniqueIdentifier>{fb242edc-bd65-4ffc-aa28-3134d981def8}</UniqueIdentifier>
    </Filter>
    <Filter Include="Header Files\player">
      <UniqueIdentifier>{146e59aa-cbe0-4811-a78c-4c7a78ccde2a}</UniqueIdentifier>
    </Filter>
    <Filter Include="Header Files\network">
      <UniqueIdentifier>{e7fe441e-51a3-42f2-b4a9-37001e23cb7c}</UniqueIdentifier>
    </Filter>
    <Filter Include="Header Files\camera">
      <UniqueIdentifier>{a60b6c6c-52d0-4ab3-baad-02e8cf4be049}</UniqueIdentifier>
    </Filter>
    <Filter Include="Source Files\camera">
      <UniqueIdentifier>{16a570b2-fa9e-4da8-94bd-501c877e885e}</UniqueIdentifier>
    </Filter>
    <Filter Include="Source Files\equipment">
      <UniqueIdentifier>{179d90f2-9228-4942-8df8-400e371839a4}</UniqueIdentifier>
    </Filter>
    <Filter Include="Header Files\equipment">
      <UniqueIdentifier>{e8f45038-069d-468f-8bf2-7ca1b7710346}</UniqueIdentifier>
    </Filter>
    <Filter Include="Header Files\world">
      <UniqueIdentifier>{f13f6dcc-b7a0-4ada-980f-19fe7ccf74a1}</UniqueIdentifier>
    </Filter>
    <Filter Include="Source Files\world">
      <UniqueIdentifier>{e3006f1b-902b-4bf9-84b9-b5110da91a67}</UniqueIdentifier>
    </Filter>
    <Filter Include="Header Files\equipment\projectiles">
      <UniqueIdentifier>{60f5403b-b69e-449c-a6b2-52e3eec5c0c3}</UniqueIdentifier>
    </Filter>
    <Filter Include="Source Files\equipment\projectiles">
      <UniqueIdentifier>{cb26ab3f-1dc7-4390-9ba7-21d130f08548}</UniqueIdentifier>
    </Filter>
    <Filter Include="Header Files\equipment\utility">
      <UniqueIdentifier>{dbeaaa36-99f2-4025-b540-762f84f7c531}</UniqueIdentifier>
    </Filter>
    <Filter Include="Source Files\equipment\utility">
      <UniqueIdentifier>{485f3887-8937-4122-9623-e3979515e88f}</UniqueIdentifier>
    </Filter>
    <Filter Include="Header Files\equipment\weapons">
      <UniqueIdentifier>{312a774c-3a41-4ed4-bcd4-ab5e086eaa7f}</UniqueIdentifier>
    </Filter>
    <Filter Include="Source Files\equipment\weapons">
      <UniqueIdentifier>{8d3b00eb-fd3e-4c6a-a475-575f13ec660e}</UniqueIdentifier>
    </Filter>
    <Filter Include="Header Files\player\ui">
      <UniqueIdentifier>{a6c8a7fa-12f4-49a5-b738-0bcc0e504269}</UniqueIdentifier>
    </Filter>
    <Filter Include="Source Files\player\ui">
      <UniqueIdentifier>{1c40c401-8ca3-4319-9969-181db0d5772c}</UniqueIdentifier>
    </Filter>
    <Filter Include="Header Files\music_module">
      <UniqueIdentifier>{a7d1c6eb-392f-43fa-b013-f7812d99f336}</UniqueIdentifier>
    </Filter>
    <Filter Include="Source Files\music_module">
      <UniqueIdentifier>{1c4b5fd3-42d5-445e-8e4d-ea3e228de5cb}</UniqueIdentifier>
    </Filter>
    <Filter Include="Header Files\npc">
      <UniqueIdentifier>{d7baafef-2074-454d-939b-7039450e3f78}</UniqueIdentifier>
    </Filter>
    <Filter Include="Header Files\npc\monsters">
      <UniqueIdentifier>{870ce09b-94b5-44cc-bf56-d9a964857553}</UniqueIdentifier>
    </Filter>
    <Filter Include="Header Files\npc\monsters\imp">
      <UniqueIdentifier>{366add23-e3a0-4ecd-95ab-dbbbcecdb98b}</UniqueIdentifier>
    </Filter>
    <Filter Include="Source Files\npc">
      <UniqueIdentifier>{7e8242a2-e277-4291-b69c-0c84c345f7ea}</UniqueIdentifier>
    </Filter>
    <Filter Include="Source Files\npc\monster">
      <UniqueIdentifier>{5c39f455-2460-4028-91ad-272db54899cc}</UniqueIdentifier>
    </Filter>
    <Filter Include="Source Files\npc\monster\imp">
      <UniqueIdentifier>{d5362217-789c-4ac5-a7ea-ce496babc969}</UniqueIdentifier>
    </Filter>
  </ItemGroup>
  <ItemGroup>
    <ClCompile Include="scenes\MainMenu.cpp">
      <Filter>Source Files\scenes</Filter>
    </ClCompile>
    <ClCompile Include="scenes\CreateGameScene.cpp">
      <Filter>Source Files\scenes</Filter>
    </ClCompile>
    <ClCompile Include="GodotLibrary.cpp">
      <Filter>Source Files</Filter>
    </ClCompile>
    <ClCompile Include="network\Network.cpp">
      <Filter>Source Files\network</Filter>
    </ClCompile>
    <ClCompile Include="scenes\Game.cpp">
      <Filter>Source Files\scenes</Filter>
    </ClCompile>
    <ClCompile Include="player\Player.cpp">
      <Filter>Source Files\player</Filter>
    </ClCompile>
    <ClCompile Include="scenes\JoinGameScene.cpp">
      <Filter>Source Files\scenes</Filter>
    </ClCompile>
    <ClCompile Include="camera\Camera.cpp">
      <Filter>Source Files\camera</Filter>
    </ClCompile>
    <ClCompile Include="world\Block.cpp">
      <Filter>Source Files\world</Filter>
    </ClCompile>
    <ClCompile Include="world\World.cpp">
      <Filter>Source Files\world</Filter>
    </ClCompile>
    <ClCompile Include="world\Biome.cpp">
      <Filter>Source Files\world</Filter>
    </ClCompile>
    <ClCompile Include="scenes\Lobby.cpp">
      <Filter>Source Files\scenes</Filter>
    </ClCompile>
    <ClCompile Include="network\NetworkOld.cpp">
      <Filter>Source Files\network</Filter>
    </ClCompile>
    <ClCompile Include="equipment\projectiles\Bolt.cpp">
      <Filter>Source Files\equipment\projectiles</Filter>
    </ClCompile>
    <ClCompile Include="equipment\projectiles\ExplosiveBolt.cpp">
      <Filter>Source Files\equipment\projectiles</Filter>
    </ClCompile>
    <ClCompile Include="equipment\weapons\Dagger.cpp">
      <Filter>Source Files\equipment\weapons</Filter>
    </ClCompile>
    <ClCompile Include="equipment\weapons\Axe.cpp">
      <Filter>Source Files\equipment\weapons</Filter>
    </ClCompile>
    <ClCompile Include="equipment\weapons\Crossbow.cpp">
      <Filter>Source Files\equipment\weapons</Filter>
    </ClCompile>
    <ClCompile Include="equipment\weapons\Weapon.cpp">
      <Filter>Source Files\equipment\weapons</Filter>
    </ClCompile>
    <ClCompile Include="equipment\utility\EntanglingBalls.cpp">
      <Filter>Source Files\equipment\utility</Filter>
    </ClCompile>
    <ClCompile Include="player\Archer.cpp">
      <Filter>Source Files\player</Filter>
    </ClCompile>
    <ClCompile Include="player\Warrior.cpp">
      <Filter>Source Files\player</Filter>
    </ClCompile>
    <ClCompile Include="equipment\utility\Trap.cpp">
      <Filter>Source Files\equipment\utility</Filter>
    </ClCompile>
    <ClCompile Include="scenes\MenuWindow.cpp">
      <Filter>Source Files\scenes</Filter>
    </ClCompile>
    <ClCompile Include="player\ui\HealthBar.cpp">
      <Filter>Source Files\player\ui</Filter>
    </ClCompile>
    <ClCompile Include="player\ui\UI.cpp">
      <Filter>Source Files\player\ui</Filter>
    </ClCompile>
    <ClCompile Include="player\ui\WarriorUI.cpp">
      <Filter>Source Files\player\ui</Filter>
    </ClCompile>
    <ClCompile Include="player\ui\ArcherUI.cpp">
      <Filter>Source Files\player\ui</Filter>
    </ClCompile>
    <ClCompile Include="scenes\Scoreboard.cpp">
      <Filter>Source Files\scenes</Filter>
    </ClCompile>
    <ClCompile Include="music_module\MusicModule.cpp">
      <Filter>Source Files\music_module</Filter>
    </ClCompile>
    <ClCompile Include="npc\monsters\Monster.cpp">
      <Filter>Source Files\npc\monster</Filter>
    </ClCompile>
    <ClCompile Include="npc\monsters\imp\Imp.cpp">
      <Filter>Source Files\npc\monster\imp</Filter>
    </ClCompile>
  </ItemGroup>
  <ItemGroup>
    <ClInclude Include="scenes\MainMenu.h">
      <Filter>Header Files\scenes</Filter>
    </ClInclude>
    <ClInclude Include="scenes\CreateGameScene.h">
      <Filter>Header Files\scenes</Filter>
    </ClInclude>
    <ClInclude Include="scenes\Game.h">
      <Filter>Header Files\scenes</Filter>
    </ClInclude>
    <ClInclude Include="network\Network.h">
      <Filter>Header Files\network</Filter>
    </ClInclude>
    <ClInclude Include="player\Player.h">
      <Filter>Header Files\player</Filter>
    </ClInclude>
    <ClInclude Include="scenes\JoinGameScene.h">
      <Filter>Header Files\scenes</Filter>
    </ClInclude>
    <ClInclude Include="camera\Camera.h">
      <Filter>Header Files\camera</Filter>
    </ClInclude>
    <ClInclude Include="world\World.h">
      <Filter>Header Files\world</Filter>
    </ClInclude>
    <ClInclude Include="world\Block.h">
      <Filter>Header Files\world</Filter>
    </ClInclude>
    <ClInclude Include="world\Biome.h">
      <Filter>Header Files\world</Filter>
    </ClInclude>
    <ClInclude Include="scenes\Lobby.h">
      <Filter>Header Files\scenes</Filter>
    </ClInclude>
    <ClInclude Include="network\NetworkOld.h">
      <Filter>Header Files\network</Filter>
    </ClInclude>
    <ClInclude Include="equipment\projectiles\Bolt.h">
      <Filter>Header Files\equipment\projectiles</Filter>
    </ClInclude>
    <ClInclude Include="equipment\projectiles\ExplosiveBolt.h">
      <Filter>Header Files\equipment\projectiles</Filter>
    </ClInclude>
    <ClInclude Include="equipment\weapons\Weapon.h">
      <Filter>Header Files\equipment\weapons</Filter>
    </ClInclude>
    <ClInclude Include="equipment\weapons\Dagger.h">
      <Filter>Header Files\equipment\weapons</Filter>
    </ClInclude>
    <ClInclude Include="equipment\weapons\Crossbow.h">
      <Filter>Header Files\equipment\weapons</Filter>
    </ClInclude>
    <ClInclude Include="equipment\weapons\Axe.h">
      <Filter>Header Files\equipment\weapons</Filter>
    </ClInclude>
    <ClInclude Include="equipment\utility\EntanglingBalls.h">
      <Filter>Header Files\equipment\utility</Filter>
    </ClInclude>
    <ClInclude Include="player\Archer.h">
      <Filter>Header Files\player</Filter>
    </ClInclude>
    <ClInclude Include="player\Warrior.h">
      <Filter>Header Files\player</Filter>
    </ClInclude>
    <ClInclude Include="player\Role.h">
      <Filter>Header Files\player</Filter>
    </ClInclude>
    <ClInclude Include="equipment\utility\Trap.h">
      <Filter>Header Files\equipment\utility</Filter>
    </ClInclude>
    <ClInclude Include="scenes\MenuWindow.h">
      <Filter>Header Files\scenes</Filter>
    </ClInclude>
    <ClInclude Include="player\ui\HealthBar.h">
      <Filter>Header Files\player\ui</Filter>
    </ClInclude>
    <ClInclude Include="player\ui\ArcherUI.h">
      <Filter>Header Files\player\ui</Filter>
    </ClInclude>
    <ClInclude Include="player\ui\UI.h">
      <Filter>Header Files\player\ui</Filter>
    </ClInclude>
    <ClInclude Include="player\ui\WarriorUI.h">
      <Filter>Header Files\player\ui</Filter>
    </ClInclude>
    <ClInclude Include="scenes\Scoreboard.h">
      <Filter>Header Files\scenes</Filter>
    </ClInclude>
    <ClInclude Include="music_module\MusicModule.h">
      <Filter>Header Files\music_module</Filter>
    </ClInclude>
    <ClInclude Include="npc\monsters\Monster.h">
      <Filter>Header Files\npc\monsters</Filter>
    </ClInclude>
    <ClInclude Include="npc\monsters\imp\Imp.h">
      <Filter>Header Files\npc\monsters\imp</Filter>
    </ClInclude>
  </ItemGroup>
</Project>